{
    "_readme": [
        "This file locks the dependencies of your project to a known state",
        "Read more about it at https://getcomposer.org/doc/01-basic-usage.md#composer-lock-the-lock-file",
        "This file is @generated automatically"
    ],
    "hash": "78f0787e135b0db3d7f029b8bd9e3331",
    "content-hash": "f95aa9672c4786c874adc29b0dac8816",
    "packages": [
        {
            "name": "symfony/css-selector",
            "version": "v3.4.12",
            "source": {
                "type": "git",
                "url": "https://github.com/symfony/css-selector.git",
                "reference": "d2ce52290b648ae33b5301d09bc14ee378612914"
            },
            "dist": {
                "type": "zip",
                "url": "https://files.phpcomposer.com/files/symfony/css-selector/d2ce52290b648ae33b5301d09bc14ee378612914.zip",
                "reference": "d2ce52290b648ae33b5301d09bc14ee378612914",
                "shasum": ""
            },
            "require": {
                "php": "^5.5.9|>=7.0.8"
            },
            "type": "library",
            "extra": {
                "branch-alias": {
                    "dev-master": "3.4-dev"
                }
            },
            "autoload": {
                "psr-4": {
                    "Symfony\\Component\\CssSelector\\": ""
                },
                "exclude-from-classmap": [
                    "/Tests/"
                ]
            },
            "notification-url": "https://packagist.org/downloads/",
            "license": [
                "MIT"
            ],
            "authors": [
                {
                    "name": "Jean-François Simon",
                    "email": "jeanfrancois.simon@sensiolabs.com"
                },
                {
                    "name": "Fabien Potencier",
                    "email": "fabien@symfony.com"
                },
                {
                    "name": "Symfony Community",
                    "homepage": "https://symfony.com/contributors"
                }
            ],
            "description": "Symfony CssSelector Component",
            "homepage": "https://symfony.com",
            "time": "2018-05-16 12:49:49"
        }
    ],
    "packages-dev": [],
    "aliases": [],
    "minimum-stability": "stable",
    "stability-flags": [],
    "prefer-stable": false,
    "prefer-lowest": false,
    "platform": [],
    "platform-dev": []
}
